
Microsoft Visual Studio Solution File, Format Version 12.00
# Visual Studio 15
VisualStudioVersion = 15.0.26730.15
MinimumVisualStudioVersion = 10.0.40219.1
Project("{FAE04EC0-301F-11D3-BF4B-00C04F79EFBC}") = "VM management system by Korol Ilya 162", "VM management system by Korol Ilya 162\VM management system by Korol Ilya 162.csproj", "{D57167EA-5710-48E8-AFB6-DCB488000181}"
EndProject
Project("{FAE04EC0-301F-11D3-BF4B-00C04F79EFBC}") = "Logic", "Logic\Logic.csproj", "{7A1CE0AD-8E52-4AC2-B0AC-1E335C812C85}"
EndProject
Global
	GlobalSection(SolutionConfigurationPlatforms) = preSolution
		Debug|Any CPU = Debug|Any CPU
		Release|Any CPU = Release|Any CPU
	EndGlobalSection
	GlobalSection(ProjectConfigurationPlatforms) = postSolution
		{D57167EA-5710-48E8-AFB6-DCB488000181}.Debug|Any CPU.ActiveCfg = Debug|Any CPU
		{D57167EA-5710-48E8-AFB6-DCB488000181}.Debug|Any CPU.Build.0 = Debug|Any CPU
		{D57167EA-5710-48E8-AFB6-DCB488000181}.Release|Any CPU.ActiveCfg = Release|Any CPU
		{D57167EA-5710-48E8-AFB6-DCB488000181}.Release|Any CPU.Build.0 = Release|Any CPU
		{7A1CE0AD-8E52-4AC2-B0AC-1E335C812C85}.Debug|Any CPU.ActiveCfg = Debug|Any CPU
		{7A1CE0AD-8E52-4AC2-B0AC-1E335C812C85}.Debug|Any CPU.Build.0 = Debug|Any CPU
		{7A1CE0AD-8E52-4AC2-B0AC-1E335C812C85}.Release|Any CPU.ActiveCfg = Release|Any CPU
		{7A1CE0AD-8E52-4AC2-B0AC-1E335C812C85}.Release|Any CPU.Build.0 = Release|Any CPU
	EndGlobalSection
	GlobalSection(SolutionProperties) = preSolution
		HideSolutionNode = FALSE
	EndGlobalSection
	GlobalSection(ExtensibilityGlobals) = postSolution
		SolutionGuid = {262FB25C-3EA3-44B3-82B9-0C595D62A592}
	EndGlobalSection
EndGlobal
